
Microsoft Visual Studio Solution File, Format Version 12.00
# Visual Studio Version 17
VisualStudioVersion = 17.8.34408.163
MinimumVisualStudioVersion = 10.0.40219.1
Project("{FAE04EC0-301F-11D3-BF4B-00C04F79EFBC}") = "quanlysanpham", "quanlysanpham\quanlysanpham.csproj", "{DD5A671E-9F0D-47C3-A7E1-94CEDE05371D}"
EndProject
Global
	GlobalSection(SolutionConfigurationPlatforms) = preSolution
		Debug|Any CPU = Debug|Any CPU
		Release|Any CPU = Release|Any CPU
	EndGlobalSection
	GlobalSection(ProjectConfigurationPlatforms) = postSolution
		{DD5A671E-9F0D-47C3-A7E1-94CEDE05371D}.Debug|Any CPU.ActiveCfg = Debug|Any CPU
		{DD5A671E-9F0D-47C3-A7E1-94CEDE05371D}.Debug|Any CPU.Build.0 = Debug|Any CPU
		{DD5A671E-9F0D-47C3-A7E1-94CEDE05371D}.Release|Any CPU.ActiveCfg = Release|Any CPU
		{DD5A671E-9F0D-47C3-A7E1-94CEDE05371D}.Release|Any CPU.Build.0 = Release|Any CPU
	EndGlobalSection
	GlobalSection(SolutionProperties) = preSolution
		HideSolutionNode = FALSE
	EndGlobalSection
	GlobalSection(ExtensibilityGlobals) = postSolution
		SolutionGuid = {44D9A99D-0D92-4DE6-858C-07D14B8C5D29}
	EndGlobalSection
EndGlobal
